// !$*UTF8*$!
{
	archiveVersion = 1;
	classes = {
	};
	objectVersion = 46;
	objects = {

/* Begin PBXBuildFile section */
		28C0F79D1AC143DE000B577E /* AppDelegate.swift in Sources */ = {isa = PBXBuildFile; fileRef = 28C0F79C1AC143DE000B577E /* AppDelegate.swift */; };
		28C0F79F1AC143DE000B577E /* ViewController.swift in Sources */ = {isa = PBXBuildFile; fileRef = 28C0F79E1AC143DE000B577E /* ViewController.swift */; };
		28C0F7A21AC143DE000B577E /* Main.storyboard in Resources */ = {isa = PBXBuildFile; fileRef = 28C0F7A01AC143DE000B577E /* Main.storyboard */; };
		28C0F7A41AC143DE000B577E /* Images.xcassets in Resources */ = {isa = PBXBuildFile; fileRef = 28C0F7A31AC143DE000B577E /* Images.xcassets */; };
		28C0F7A71AC143DE000B577E /* LaunchScreen.xib in Resources */ = {isa = PBXBuildFile; fileRef = 28C0F7A51AC143DE000B577E /* LaunchScreen.xib */; };
		28C0F7B31AC143DE000B577E /* Archiver_DemoTests.swift in Sources */ = {isa = PBXBuildFile; fileRef = 28C0F7B21AC143DE000B577E /* Archiver_DemoTests.swift */; };
		28C0F7BE1AC146E8000B577E /* Course.swift in Sources */ = {isa = PBXBuildFile; fileRef = 28C0F7BD1AC146E8000B577E /* Course.swift */; };
		28C0F7C61AC15263000B577E /* Teacher.swift in Sources */ = {isa = PBXBuildFile; fileRef = 28C0F7C51AC15263000B577E /* Teacher.swift */; };
		28C0F7C81AC15704000B577E /* TeacherAddViewController.swift in Sources */ = {isa = PBXBuildFile; fileRef = 28C0F7C71AC15704000B577E /* TeacherAddViewController.swift */; };
		28C0F7DD1AC16AC0000B577E /* archiver.swift in Sources */ = {isa = PBXBuildFile; fileRef = 28C0F7DC1AC16AC0000B577E /* archiver.swift */; };
		28C0F7E01AC171A8000B577E /* TeacherListViewController.swift in Sources */ = {isa = PBXBuildFile; fileRef = 28C0F7DF1AC171A8000B577E /* TeacherListViewController.swift */; };
		28C0F7E21AC17E48000B577E /* CourseAddViewController.swift in Sources */ = {isa = PBXBuildFile; fileRef = 28C0F7E11AC17E48000B577E /* CourseAddViewController.swift */; };
		28C0F7E41AC194E0000B577E /* CourseListViewController.swift in Sources */ = {isa = PBXBuildFile; fileRef = 28C0F7E31AC194E0000B577E /* CourseListViewController.swift */; };
/* End PBXBuildFile section */

/* Begin PBXContainerItemProxy section */
		28C0F7AD1AC143DE000B577E /* PBXContainerItemProxy */ = {
			isa = PBXContainerItemProxy;
			containerPortal = 28C0F78F1AC143DE000B577E /* Project object */;
			proxyType = 1;
			remoteGlobalIDString = 28C0F7961AC143DE000B577E;
			remoteInfo = Archiver_Demo;
		};
/* End PBXContainerItemProxy section */

/* Begin PBXFileReference section */
		28C0F7971AC143DE000B577E /* Archiver_Demo.app */ = {isa = PBXFileReference; explicitFileType = wrapper.application; includeInIndex = 0; path = Archiver_Demo.app; sourceTree = BUILT_PRODUCTS_DIR; };
		28C0F79B1AC143DE000B577E /* Info.plist */ = {isa = PBXFileReference; lastKnownFileType = text.plist.xml; path = Info.plist; sourceTree = "<group>"; };
		28C0F79C1AC143DE000B577E /* AppDelegate.swift */ = {isa = PBXFileReference; lastKnownFileType = sourcecode.swift; path = AppDelegate.swift; sourceTree = "<group>"; };
		28C0F79E1AC143DE000B577E /* ViewController.swift */ = {isa = PBXFileReference; lastKnownFileType = sourcecode.swift; path = ViewController.swift; sourceTree = "<group>"; };
		28C0F7A11AC143DE000B577E /* Base */ = {isa = PBXFileReference; lastKnownFileType = file.storyboard; name = Base; path = Base.lproj/Main.storyboard; sourceTree = "<group>"; };
		28C0F7A31AC143DE000B577E /* Images.xcassets */ = {isa = PBXFileReference; lastKnownFileType = folder.assetcatalog; path = Images.xcassets; sourceTree = "<group>"; };
		28C0F7A61AC143DE000B577E /* Base */ = {isa = PBXFileReference; lastKnownFileType = file.xib; name = Base; path = Base.lproj/LaunchScreen.xib; sourceTree = "<group>"; };
		28C0F7AC1AC143DE000B577E /* Archiver_DemoTests.xctest */ = {isa = PBXFileReference; explicitFileType = wrapper.cfbundle; includeInIndex = 0; path = Archiver_DemoTests.xctest; sourceTree = BUILT_PRODUCTS_DIR; };
		28C0F7B11AC143DE000B577E /* Info.plist */ = {isa = PBXFileReference; lastKnownFileType = text.plist.xml; path = Info.plist; sourceTree = "<group>"; };
		28C0F7B21AC143DE000B577E /* Archiver_DemoTests.swift */ = {isa = PBXFileReference; lastKnownFileType = sourcecode.swift; path = Archiver_DemoTests.swift; sourceTree = "<group>"; };
		28C0F7BD1AC146E8000B577E /* Course.swift */ = {isa = PBXFileReference; fileEncoding = 4; lastKnownFileType = sourcecode.swift; path = Course.swift; sourceTree = "<group>"; };
		28C0F7C51AC15263000B577E /* Teacher.swift */ = {isa = PBXFileReference; fileEncoding = 4; lastKnownFileType = sourcecode.swift; path = Teacher.swift; sourceTree = "<group>"; };
		28C0F7C71AC15704000B577E /* TeacherAddViewController.swift */ = {isa = PBXFileReference; fileEncoding = 4; lastKnownFileType = sourcecode.swift; path = TeacherAddViewController.swift; sourceTree = "<group>"; };
		28C0F7DC1AC16AC0000B577E /* archiver.swift */ = {isa = PBXFileReference; fileEncoding = 4; lastKnownFileType = sourcecode.swift; path = archiver.swift; sourceTree = "<group>"; };
		28C0F7DF1AC171A8000B577E /* TeacherListViewController.swift */ = {isa = PBXFileReference; fileEncoding = 4; lastKnownFileType = sourcecode.swift; path = TeacherListViewController.swift; sourceTree = "<group>"; };
		28C0F7E11AC17E48000B577E /* CourseAddViewController.swift */ = {isa = PBXFileReference; fileEncoding = 4; lastKnownFileType = sourcecode.swift; path = CourseAddViewController.swift; sourceTree = "<group>"; };
		28C0F7E31AC194E0000B577E /* CourseListViewController.swift */ = {isa = PBXFileReference; fileEncoding = 4; lastKnownFileType = sourcecode.swift; path = CourseListViewController.swift; sourceTree = "<group>"; };
/* End PBXFileReference section */

/* Begin PBXFrameworksBuildPhase section */
		28C0F7941AC143DE000B577E /* Frameworks */ = {
			isa = PBXFrameworksBuildPhase;
			buildActionMask = 2147483647;
			files = (
			);
			runOnlyForDeploymentPostprocessing = 0;
		};
		28C0F7A91AC143DE000B577E /* Frameworks */ = {
			isa = PBXFrameworksBuildPhase;
			buildActionMask = 2147483647;
			files = (
			);
			runOnlyForDeploymentPostprocessing = 0;
		};
/* End PBXFrameworksBuildPhase section */

/* Begin PBXGroup section */
		28C0F78E1AC143DE000B577E = {
			isa = PBXGroup;
			children = (
				28C0F7991AC143DE000B577E /* Archiver_Demo */,
				28C0F7AF1AC143DE000B577E /* Archiver_DemoTests */,
				28C0F7981AC143DE000B577E /* Products */,
			);
			sourceTree = "<group>";
		};
		28C0F7981AC143DE000B577E /* Products */ = {
			isa = PBXGroup;
			children = (
				28C0F7971AC143DE000B577E /* Archiver_Demo.app */,
				28C0F7AC1AC143DE000B577E /* Archiver_DemoTests.xctest */,
			);
			name = Products;
			sourceTree = "<group>";
		};
		28C0F7991AC143DE000B577E /* Archiver_Demo */ = {
			isa = PBXGroup;
			children = (
				28C0F7DE1AC16AC7000B577E /* Tools */,
				28C0F7C41AC1507E000B577E /* Controller */,
				28C0F7BC1AC146D8000B577E /* Model */,
				28C0F79C1AC143DE000B577E /* AppDelegate.swift */,
				28C0F79E1AC143DE000B577E /* ViewController.swift */,
				28C0F7A01AC143DE000B577E /* Main.storyboard */,
				28C0F7A31AC143DE000B577E /* Images.xcassets */,
				28C0F7A51AC143DE000B577E /* LaunchScreen.xib */,
				28C0F79A1AC143DE000B577E /* Supporting Files */,
			);
			path = Archiver_Demo;
			sourceTree = "<group>";
		};
		28C0F79A1AC143DE000B577E /* Supporting Files */ = {
			isa = PBXGroup;
			children = (
				28C0F79B1AC143DE000B577E /* Info.plist */,
			);
			name = "Supporting Files";
			sourceTree = "<group>";
		};
		28C0F7AF1AC143DE000B577E /* Archiver_DemoTests */ = {
			isa = PBXGroup;
			children = (
				28C0F7B21AC143DE000B577E /* Archiver_DemoTests.swift */,
				28C0F7B01AC143DE000B577E /* Supporting Files */,
			);
			path = Archiver_DemoTests;
			sourceTree = "<group>";
		};
		28C0F7B01AC143DE000B577E /* Supporting Files */ = {
			isa = PBXGroup;
			children = (
				28C0F7B11AC143DE000B577E /* Info.plist */,
			);
			name = "Supporting Files";
			sourceTree = "<group>";
		};
		28C0F7BC1AC146D8000B577E /* Model */ = {
			isa = PBXGroup;
			children = (
				28C0F7BD1AC146E8000B577E /* Course.swift */,
				28C0F7C51AC15263000B577E /* Teacher.swift */,
			);
			name = Model;
			sourceTree = "<group>";
		};
		28C0F7C41AC1507E000B577E /* Controller */ = {
			isa = PBXGroup;
			children = (
				28C0F7C71AC15704000B577E /* TeacherAddViewController.swift */,
				28C0F7DF1AC171A8000B577E /* TeacherListViewController.swift */,
				28C0F7E11AC17E48000B577E /* CourseAddViewController.swift */,
				28C0F7E31AC194E0000B577E /* CourseListViewController.swift */,
			);
			name = Controller;
			sourceTree = "<group>";
		};
		28C0F7DE1AC16AC7000B577E /* Tools */ = {
			isa = PBXGroup;
			children = (
				28C0F7DC1AC16AC0000B577E /* archiver.swift */,
			);
			name = Tools;
			sourceTree = "<group>";
		};
/* End PBXGroup section */

/* Begin PBXNativeTarget section */
		28C0F7961AC143DE000B577E /* Archiver_Demo */ = {
			isa = PBXNativeTarget;
			buildConfigurationList = 28C0F7B61AC143DE000B577E /* Build configuration list for PBXNativeTarget "Archiver_Demo" */;
			buildPhases = (
				28C0F7931AC143DE000B577E /* Sources */,
				28C0F7941AC143DE000B577E /* Frameworks */,
				28C0F7951AC143DE000B577E /* Resources */,
			);
			buildRules = (
			);
			dependencies = (
			);
			name = Archiver_Demo;
			productName = Archiver_Demo;
			productReference = 28C0F7971AC143DE000B577E /* Archiver_Demo.app */;
			productType = "com.apple.product-type.application";
		};
		28C0F7AB1AC143DE000B577E /* Archiver_DemoTests */ = {
			isa = PBXNativeTarget;
			buildConfigurationList = 28C0F7B91AC143DE000B577E /* Build configuration list for PBXNativeTarget "Archiver_DemoTests" */;
			buildPhases = (
				28C0F7A81AC143DE000B577E /* Sources */,
				28C0F7A91AC143DE000B577E /* Frameworks */,
				28C0F7AA1AC143DE000B577E /* Resources */,
			);
			buildRules = (
			);
			dependencies = (
				28C0F7AE1AC143DE000B577E /* PBXTargetDependency */,
			);
			name = Archiver_DemoTests;
			productName = Archiver_DemoTests;
			productReference = 28C0F7AC1AC143DE000B577E /* Archiver_DemoTests.xctest */;
			productType = "com.apple.product-type.bundle.unit-test";
		};
/* End PBXNativeTarget section */

/* Begin PBXProject section */
		28C0F78F1AC143DE000B577E /* Project object */ = {
			isa = PBXProject;
			attributes = {
				LastUpgradeCheck = 0620;
				ORGANIZATIONNAME = JJ;
				TargetAttributes = {
					28C0F7961AC143DE000B577E = {
						CreatedOnToolsVersion = 6.2;
					};
					28C0F7AB1AC143DE000B577E = {
						CreatedOnToolsVersion = 6.2;
						TestTargetID = 28C0F7961AC143DE000B577E;
					};
				};
			};
			buildConfigurationList = 28C0F7921AC143DE000B577E /* Build configuration list for PBXProject "Archiver_Demo" */;
			compatibilityVersion = "Xcode 3.2";
			developmentRegion = English;
			hasScannedForEncodings = 0;
			knownRegions = (
				en,
				Base,
			);
			mainGroup = 28C0F78E1AC143DE000B577E;
			productRefGroup = 28C0F7981AC143DE000B577E /* Products */;
			projectDirPath = "";
			projectRoot = "";
			targets = (
				28C0F7961AC143DE000B577E /* Archiver_Demo */,
				28C0F7AB1AC143DE000B577E /* Archiver_DemoTests */,
			);
		};
/* End PBXProject section */

/* Begin PBXResourcesBuildPhase section */
		28C0F7951AC143DE000B577E /* Resources */ = {
			isa = PBXResourcesBuildPhase;
			buildActionMask = 2147483647;
			files = (
				28C0F7A21AC143DE000B577E /* Main.storyboard in Resources */,
				28C0F7A71AC143DE000B577E /* LaunchScreen.xib in Resources */,
				28C0F7A41AC143DE000B577E /* Images.xcassets in Resources */,
			);
			runOnlyForDeploymentPostprocessing = 0;
		};
		28C0F7AA1AC143DE000B577E /* Resources */ = {
			isa = PBXResourcesBuildPhase;
			buildActionMask = 2147483647;
			files = (
			);
			runOnlyForDeploymentPostprocessing = 0;
		};
/* End PBXResourcesBuildPhase section */

/* Begin PBXSourcesBuildPhase section */
		28C0F7931AC143DE000B577E /* Sources */ = {
			isa = PBXSourcesBuildPhase;
			buildActionMask = 2147483647;
			files = (
				28C0F7E01AC171A8000B577E /* TeacherListViewController.swift in Sources */,
				28C0F7E21AC17E48000B577E /* CourseAddViewController.swift in Sources */,
				28C0F7C81AC15704000B577E /* TeacherAddViewController.swift in Sources */,
				28C0F7DD1AC16AC0000B577E /* archiver.swift in Sources */,
				28C0F7C61AC15263000B577E /* Teacher.swift in Sources */,
				28C0F7BE1AC146E8000B577E /* Course.swift in Sources */,
				28C0F79F1AC143DE000B577E /* ViewController.swift in Sources */,
				28C0F79D1AC143DE000B577E /* AppDelegate.swift in Sources */,
				28C0F7E41AC194E0000B577E /* CourseListViewController.swift in Sources */,
			);
			runOnlyForDeploymentPostprocessing = 0;
		};
		28C0F7A81AC143DE000B577E /* Sources */ = {
			isa = PBXSourcesBuildPhase;
			buildActionMask = 2147483647;
			files = (
				28C0F7B31AC143DE000B577E /* Archiver_DemoTests.swift in Sources */,
			);
			runOnlyForDeploymentPostprocessing = 0;
		};
/* End PBXSourcesBuildPhase section */

/* Begin PBXTargetDependency section */
		28C0F7AE1AC143DE000B577E /* PBXTargetDependency */ = {
			isa = PBXTargetDependency;
			target = 28C0F7961AC143DE000B577E /* Archiver_Demo */;
			targetProxy = 28C0F7AD1AC143DE000B577E /* PBXContainerItemProxy */;
		};
/* End PBXTargetDependency section */

/* Begin PBXVariantGroup section */
		28C0F7A01AC143DE000B577E /* Main.storyboard */ = {
			isa = PBXVariantGroup;
			children = (
				28C0F7A11AC143DE000B577E /* Base */,
			);
			name = Main.storyboard;
			sourceTree = "<group>";
		};
		28C0F7A51AC143DE000B577E /* LaunchScreen.xib */ = {
			isa = PBXVariantGroup;
			children = (
				28C0F7A61AC143DE000B577E /* Base */,
			);
			name = LaunchScreen.xib;
			sourceTree = "<group>";
		};
/* End PBXVariantGroup section */

/* Begin XCBuildConfiguration section */
		28C0F7B41AC143DE000B577E /* Debug */ = {
			isa = XCBuildConfiguration;
			buildSettings = {
				ALWAYS_SEARCH_USER_PATHS = NO;
				CLANG_CXX_LANGUAGE_STANDARD = "gnu++0x";
				CLANG_CXX_LIBRARY = "libc++";
				CLANG_ENABLE_MODULES = YES;
				CLANG_ENABLE_OBJC_ARC = YES;
				CLANG_WARN_BOOL_CONVERSION = YES;
				CLANG_WARN_CONSTANT_CONVERSION = YES;
				CLANG_WARN_DIRECT_OBJC_ISA_USAGE = YES_ERROR;
				CLANG_WARN_EMPTY_BODY = YES;
				CLANG_WARN_ENUM_CONVERSION = YES;
				CLANG_WARN_INT_CONVERSION = YES;
				CLANG_WARN_OBJC_ROOT_CLASS = YES_ERROR;
				CLANG_WARN_UNREACHABLE_CODE = YES;
				CLANG_WARN__DUPLICATE_METHOD_MATCH = YES;
				"CODE_SIGN_IDENTITY[sdk=iphoneos*]" = "iPhone Developer";
				COPY_PHASE_STRIP = NO;
				ENABLE_STRICT_OBJC_MSGSEND = YES;
				GCC_C_LANGUAGE_STANDARD = gnu99;
				GCC_DYNAMIC_NO_PIC = NO;
				GCC_OPTIMIZATION_LEVEL = 0;
				GCC_PREPROCESSOR_DEFINITIONS = (
					"DEBUG=1",
					"$(inherited)",
				);
				GCC_SYMBOLS_PRIVATE_EXTERN = NO;
				GCC_WARN_64_TO_32_BIT_CONVERSION = YES;
				GCC_WARN_ABOUT_RETURN_TYPE = YES_ERROR;
				GCC_WARN_UNDECLARED_SELECTOR = YES;
				GCC_WARN_UNINITIALIZED_AUTOS = YES_AGGRESSIVE;
				GCC_WARN_UNUSED_FUNCTION = YES;
				GCC_WARN_UNUSED_VARIABLE = YES;
				IPHONEOS_DEPLOYMENT_TARGET = 8.2;
				MTL_ENABLE_DEBUG_INFO = YES;
				ONLY_ACTIVE_ARCH = YES;
				SDKROOT = iphoneos;
				SWIFT_OPTIMIZATION_LEVEL = "-Onone";
			};
			name = Debug;
		};
		28C0F7B51AC143DE000B577E /* Release */ = {
			isa = XCBuildConfiguration;
			buildSettings = {
				ALWAYS_SEARCH_USER_PATHS = NO;
				CLANG_CXX_LANGUAGE_STANDARD = "gnu++0x";
				CLANG_CXX_LIBRARY = "libc++";
				CLANG_ENABLE_MODULES = YES;
				CLANG_ENABLE_OBJC_ARC = YES;
				CLANG_WARN_BOOL_CONVERSION = YES;
				CLANG_WARN_CONSTANT_CONVERSION = YES;
				CLANG_WARN_DIRECT_OBJC_ISA_USAGE = YES_ERROR;
				CLANG_WARN_EMPTY_BODY = YES;
				CLANG_WARN_ENUM_CONVERSION = YES;
				CLANG_WARN_INT_CONVERSION = YES;
				CLANG_WARN_OBJC_ROOT_CLASS = YES_ERROR;
				CLANG_WARN_UNREACHABLE_CODE = YES;
				CLANG_WARN__DUPLICATE_METHOD_MATCH = YES;
				"CODE_SIGN_IDENTITY[sdk=iphoneos*]" = "iPhone Developer";
				COPY_PHASE_STRIP = NO;
				ENABLE_NS_ASSERTIONS = NO;
				ENABLE_STRICT_OBJC_MSGSEND = YES;
				GCC_C_LANGUAGE_STANDARD = gnu99;
				GCC_WARN_64_TO_32_BIT_CONVERSION = YES;
				GCC_WARN_ABOUT_RETURN_TYPE = YES_ERROR;
				GCC_WARN_UNDECLARED_SELECTOR = YES;
				GCC_WARN_UNINITIALIZED_AUTOS = YES_AGGRESSIVE;
				GCC_WARN_UNUSED_FUNCTION = YES;
				GCC_WARN_UNUSED_VARIABLE = YES;
				IPHONEOS_DEPLOYMENT_TARGET = 8.2;
				MTL_ENABLE_DEBUG_INFO = NO;
				SDKROOT = iphoneos;
				VALIDATE_PRODUCT = YES;
			};
			name = Release;
		};
		28C0F7B71AC143DE000B577E /* Debug */ = {
			isa = XCBuildConfiguration;
			buildSettings = {
				ASSETCATALOG_COMPILER_APPICON_NAME = AppIcon;
				INFOPLIST_FILE = Archiver_Demo/Info.plist;
				LD_RUNPATH_SEARCH_PATHS = "$(inherited) @executable_path/Frameworks";
				PRODUCT_NAME = "$(TARGET_NAME)";
			};
			name = Debug;
		};
		28C0F7B81AC143DE000B577E /* Release */ = {
			isa = XCBuildConfiguration;
			buildSettings = {
				ASSETCATALOG_COMPILER_APPICON_NAME = AppIcon;
				INFOPLIST_FILE = Archiver_Demo/Info.plist;
				LD_RUNPATH_SEARCH_PATHS = "$(inherited) @executable_path/Frameworks";
				PRODUCT_NAME = "$(TARGET_NAME)";
			};
			name = Release;
		};
		28C0F7BA1AC143DE000B577E /* Debug */ = {
			isa = XCBuildConfiguration;
			buildSettings = {
				BUNDLE_LOADER = "$(TEST_HOST)";
				FRAMEWORK_SEARCH_PATHS = (
					"$(SDKROOT)/Developer/Library/Frameworks",
					"$(inherited)",
				);
				GCC_PREPROCESSOR_DEFINITIONS = (
					"DEBUG=1",
					"$(inherited)",
				);
				INFOPLIST_FILE = Archiver_DemoTests/Info.plist;
				LD_RUNPATH_SEARCH_PATHS = "$(inherited) @executable_path/Frameworks @loader_path/Frameworks";
				PRODUCT_NAME = "$(TARGET_NAME)";
				TEST_HOST = "$(BUILT_PRODUCTS_DIR)/Archiver_Demo.app/Archiver_Demo";
			};
			name = Debug;
		};
		28C0F7BB1AC143DE000B577E /* Release */ = {
			isa = XCBuildConfiguration;
			buildSettings = {
				BUNDLE_LOADER = "$(TEST_HOST)";
				FRAMEWORK_SEARCH_PATHS = (
					"$(SDKROOT)/Developer/Library/Frameworks",
					"$(inherited)",
				);
				INFOPLIST_FILE = Archiver_DemoTests/Info.plist;
				LD_RUNPATH_SEARCH_PATHS = "$(inherited) @executable_path/Frameworks @loader_path/Frameworks";
				PRODUCT_NAME = "$(TARGET_NAME)";
				TEST_HOST = "$(BUILT_PRODUCTS_DIR)/Archiver_Demo.app/Archiver_Demo";
			};
			name = Release;
		};
/* End XCBuildConfiguration section */

/* Begin XCConfigurationList section */
		28C0F7921AC143DE000B577E /* Build configuration list for PBXProject "Archiver_Demo" */ = {
			isa = XCConfigurationList;
			buildConfigurations = (
				28C0F7B41AC143DE000B577E /* Debug */,
				28C0F7B51AC143DE000B577E /* Release */,
			);
			defaultConfigurationIsVisible = 0;
			defaultConfigurationName = Release;
		};
		28C0F7B61AC143DE000B577E /* Build configuration list for PBXNativeTarget "Archiver_Demo" */ = {
			isa = XCConfigurationList;
			buildConfigurations = (
				28C0F7B71AC143DE000B577E /* Debug */,
				28C0F7B81AC143DE000B577E /* Release */,
			);
			defaultConfigurationIsVisible = 0;
			defaultConfigurationName = Release;
		};
		28C0F7B91AC143DE000B577E /* Build configuration list for PBXNativeTarget "Archiver_DemoTests" */ = {
			isa = XCConfigurationList;
			buildConfigurations = (
				28C0F7BA1AC143DE000B577E /* Debug */,
				28C0F7BB1AC143DE000B577E /* Release */,
			);
			defaultConfigurationIsVisible = 0;
			defaultConfigurationName = Release;
		};
/* End XCConfigurationList section */
	};
	rootObject = 28C0F78F1AC143DE000B577E /* Project object */;
}
